
Microsoft Visual Studio Solution File, Format Version 12.00
# Visual Studio 15
VisualStudioVersion = 15.0.28307.757
MinimumVisualStudioVersion = 10.0.40219.1
Project("{8BC9CEB8-8B4A-11D0-8D11-00A0C91BC942}") = "pentamino", "pentamino\pentamino.vcxproj", "{AFBDEDF3-FFD6-418A-AAFB-BC9B8F08210D}"
	ProjectSection(ProjectDependencies) = postProject
		{EF443D24-F1CD-4DC2-9C20-FD799F7FC0FA} = {EF443D24-F1CD-4DC2-9C20-FD799F7FC0FA}
	EndProjectSection
EndProject
Project("{8BC9CEB8-8B4A-11D0-8D11-00A0C91BC942}") = "ui", "ui\ui.vcxproj", "{EF443D24-F1CD-4DC2-9C20-FD799F7FC0FA}"
EndProject
Project("{8BC9CEB8-8B4A-11D0-8D11-00A0C91BC942}") = "pentabuild", "pentabuild\pentabuild.vcxproj", "{DDB885DB-A1A6-417B-91AA-CF2FB2CF8D81}"
EndProject
Project("{8BC9CEB8-8B4A-11D0-8D11-00A0C91BC942}") = "pentatest", "pentatest\pentatest.vcxproj", "{0A5DCC5E-7F9F-465C-85E8-2EF89D940020}"
EndProject
Project("{8BC9CEB8-8B4A-11D0-8D11-00A0C91BC942}") = "pentalib", "pentalib\pentalib.vcxproj", "{D339F5AF-7FED-4B74-8BF4-71DC9132A836}"
EndProject
Global
	GlobalSection(SolutionConfigurationPlatforms) = preSolution
		Debug|x64 = Debug|x64
		Debug|x86 = Debug|x86
		Release|x64 = Release|x64
		Release|x86 = Release|x86
	EndGlobalSection
	GlobalSection(ProjectConfigurationPlatforms) = postSolution
		{AFBDEDF3-FFD6-418A-AAFB-BC9B8F08210D}.Debug|x64.ActiveCfg = Debug|x64
		{AFBDEDF3-FFD6-418A-AAFB-BC9B8F08210D}.Debug|x64.Build.0 = Debug|x64
		{AFBDEDF3-FFD6-418A-AAFB-BC9B8F08210D}.Debug|x86.ActiveCfg = Debug|Win32
		{AFBDEDF3-FFD6-418A-AAFB-BC9B8F08210D}.Debug|x86.Build.0 = Debug|Win32
		{AFBDEDF3-FFD6-418A-AAFB-BC9B8F08210D}.Release|x64.ActiveCfg = Release|x64
		{AFBDEDF3-FFD6-418A-AAFB-BC9B8F08210D}.Release|x64.Build.0 = Release|x64
		{AFBDEDF3-FFD6-418A-AAFB-BC9B8F08210D}.Release|x86.ActiveCfg = Release|Win32
		{AFBDEDF3-FFD6-418A-AAFB-BC9B8F08210D}.Release|x86.Build.0 = Release|Win32
		{EF443D24-F1CD-4DC2-9C20-FD799F7FC0FA}.Debug|x64.ActiveCfg = Debug|x64
		{EF443D24-F1CD-4DC2-9C20-FD799F7FC0FA}.Debug|x64.Build.0 = Debug|x64
		{EF443D24-F1CD-4DC2-9C20-FD799F7FC0FA}.Debug|x86.ActiveCfg = Debug|Win32
		{EF443D24-F1CD-4DC2-9C20-FD799F7FC0FA}.Debug|x86.Build.0 = Debug|Win32
		{EF443D24-F1CD-4DC2-9C20-FD799F7FC0FA}.Release|x64.ActiveCfg = Release|x64
		{EF443D24-F1CD-4DC2-9C20-FD799F7FC0FA}.Release|x64.Build.0 = Release|x64
		{EF443D24-F1CD-4DC2-9C20-FD799F7FC0FA}.Release|x86.ActiveCfg = Release|Win32
		{EF443D24-F1CD-4DC2-9C20-FD799F7FC0FA}.Release|x86.Build.0 = Release|Win32
		{DDB885DB-A1A6-417B-91AA-CF2FB2CF8D81}.Debug|x64.ActiveCfg = Debug|x64
		{DDB885DB-A1A6-417B-91AA-CF2FB2CF8D81}.Debug|x64.Build.0 = Debug|x64
		{DDB885DB-A1A6-417B-91AA-CF2FB2CF8D81}.Debug|x86.ActiveCfg = Debug|Win32
		{DDB885DB-A1A6-417B-91AA-CF2FB2CF8D81}.Debug|x86.Build.0 = Debug|Win32
		{DDB885DB-A1A6-417B-91AA-CF2FB2CF8D81}.Release|x64.ActiveCfg = Release|x64
		{DDB885DB-A1A6-417B-91AA-CF2FB2CF8D81}.Release|x64.Build.0 = Release|x64
		{DDB885DB-A1A6-417B-91AA-CF2FB2CF8D81}.Release|x86.ActiveCfg = Release|Win32
		{DDB885DB-A1A6-417B-91AA-CF2FB2CF8D81}.Release|x86.Build.0 = Release|Win32
		{0A5DCC5E-7F9F-465C-85E8-2EF89D940020}.Debug|x64.ActiveCfg = Debug|x64
		{0A5DCC5E-7F9F-465C-85E8-2EF89D940020}.Debug|x64.Build.0 = Debug|x64
		{0A5DCC5E-7F9F-465C-85E8-2EF89D940020}.Debug|x86.ActiveCfg = Debug|Win32
		{0A5DCC5E-7F9F-465C-85E8-2EF89D940020}.Debug|x86.Build.0 = Debug|Win32
		{0A5DCC5E-7F9F-465C-85E8-2EF89D940020}.Release|x64.ActiveCfg = Release|x64
		{0A5DCC5E-7F9F-465C-85E8-2EF89D940020}.Release|x64.Build.0 = Release|x64
		{0A5DCC5E-7F9F-465C-85E8-2EF89D940020}.Release|x86.ActiveCfg = Release|Win32
		{0A5DCC5E-7F9F-465C-85E8-2EF89D940020}.Release|x86.Build.0 = Release|Win32
		{D339F5AF-7FED-4B74-8BF4-71DC9132A836}.Debug|x64.ActiveCfg = Debug|x64
		{D339F5AF-7FED-4B74-8BF4-71DC9132A836}.Debug|x64.Build.0 = Debug|x64
		{D339F5AF-7FED-4B74-8BF4-71DC9132A836}.Debug|x86.ActiveCfg = Debug|Win32
		{D339F5AF-7FED-4B74-8BF4-71DC9132A836}.Debug|x86.Build.0 = Debug|Win32
		{D339F5AF-7FED-4B74-8BF4-71DC9132A836}.Release|x64.ActiveCfg = Release|x64
		{D339F5AF-7FED-4B74-8BF4-71DC9132A836}.Release|x64.Build.0 = Release|x64
		{D339F5AF-7FED-4B74-8BF4-71DC9132A836}.Release|x86.ActiveCfg = Release|Win32
		{D339F5AF-7FED-4B74-8BF4-71DC9132A836}.Release|x86.Build.0 = Release|Win32
	EndGlobalSection
	GlobalSection(SolutionProperties) = preSolution
		HideSolutionNode = FALSE
	EndGlobalSection
	GlobalSection(ExtensibilityGlobals) = postSolution
		SolutionGuid = {7DFB293C-4893-42D4-B12E-E024D3FD3CF3}
	EndGlobalSection
EndGlobal
